
Microsoft Visual Studio Solution File, Format Version 12.00
# Visual Studio Version 17
VisualStudioVersion = 17.5.33530.505
MinimumVisualStudioVersion = 10.0.40219.1
Project("{FAE04EC0-301F-11D3-BF4B-00C04F79EFBC}") = "password-manager", "password-manager\password-manager.csproj", "{689763B7-8279-43B4-9BB7-C3CEA7498AB6}"
EndProject
Global
	GlobalSection(SolutionConfigurationPlatforms) = preSolution
		Debug|Any CPU = Debug|Any CPU
		Release|Any CPU = Release|Any CPU
	EndGlobalSection
	GlobalSection(ProjectConfigurationPlatforms) = postSolution
		{689763B7-8279-43B4-9BB7-C3CEA7498AB6}.Debug|Any CPU.ActiveCfg = Debug|Any CPU
		{689763B7-8279-43B4-9BB7-C3CEA7498AB6}.Debug|Any CPU.Build.0 = Debug|Any CPU
		{689763B7-8279-43B4-9BB7-C3CEA7498AB6}.Release|Any CPU.ActiveCfg = Release|Any CPU
		{689763B7-8279-43B4-9BB7-C3CEA7498AB6}.Release|Any CPU.Build.0 = Release|Any CPU
	EndGlobalSection
	GlobalSection(SolutionProperties) = preSolution
		HideSolutionNode = FALSE
	EndGlobalSection
	GlobalSection(ExtensibilityGlobals) = postSolution
		SolutionGuid = {26AB81C0-5E55-44C2-B786-08E13288E00C}
	EndGlobalSection
EndGlobal
